// !$*UTF8*$!
{
	archiveVersion = 1;
	classes = {
	};
	objectVersion = 46;
	objects = {

/* Begin PBXBuildFile section */
		A988843EA5269BE1B9BA761B /* libPods-RITLImagePicker-Swift.a in Frameworks */ = {isa = PBXBuildFile; fileRef = D168CDFAE20DB74D5D962034 /* libPods-RITLImagePicker-Swift.a */; };
		DB078C2A262EC02B00D7E367 /* RITLPhotosCollectionViewCell.swift in Sources */ = {isa = PBXBuildFile; fileRef = DB078C29262EC02B00D7E367 /* RITLPhotosCollectionViewCell.swift */; };
		DB119B312644DA350039322E /* RITLPhotosBrowserPreviewDataSource.swift in Sources */ = {isa = PBXBuildFile; fileRef = DB119B302644DA350039322E /* RITLPhotosBrowserPreviewDataSource.swift */; };
		DB5250A82629648C006F0A09 /* RITLPhotosRowTableViewCell.swift in Sources */ = {isa = PBXBuildFile; fileRef = DB5250A72629648C006F0A09 /* RITLPhotosRowTableViewCell.swift */; };
		DB5250AB26297449006F0A09 /* RITLPhotosRowTableViewDataSource.swift in Sources */ = {isa = PBXBuildFile; fileRef = DB5250AA26297449006F0A09 /* RITLPhotosRowTableViewDataSource.swift */; };
		DB6E3591263667A30006028E /* RITLPhotosMaker.swift in Sources */ = {isa = PBXBuildFile; fileRef = DB6E3590263667A30006028E /* RITLPhotosMaker.swift */; };
		DB6E35942636B8650006028E /* RITLPhotosConfigation.swift in Sources */ = {isa = PBXBuildFile; fileRef = DB6E35932636B8650006028E /* RITLPhotosConfigation.swift */; };
		DB6E361E2637B6E90006028E /* RITLPhotosBrowserViewController.swift in Sources */ = {isa = PBXBuildFile; fileRef = DB6E361D2637B6E90006028E /* RITLPhotosBrowserViewController.swift */; };
		DB6E36212637FC6E0006028E /* RITLPhotosBrowserAllDataSource.swift in Sources */ = {isa = PBXBuildFile; fileRef = DB6E36202637FC6E0006028E /* RITLPhotosBrowserAllDataSource.swift */; };
		DB6E3624263802630006028E /* RITLPhotosBrowserCollectionCell.swift in Sources */ = {isa = PBXBuildFile; fileRef = DB6E3623263802630006028E /* RITLPhotosBrowserCollectionCell.swift */; };
		DB6E36272638081B0006028E /* RITLPhotosCellType.swift in Sources */ = {isa = PBXBuildFile; fileRef = DB6E36262638081B0006028E /* RITLPhotosCellType.swift */; };
		DB7C5B7F2626C70C00D7512F /* RITLPhotosViewController.swift in Sources */ = {isa = PBXBuildFile; fileRef = DB7C5B7E2626C70C00D7512F /* RITLPhotosViewController.swift */; };
		DB7C5B8C2626CB2D00D7512F /* RITLPhotosCollectionViewController.swift in Sources */ = {isa = PBXBuildFile; fileRef = DB7C5B8B2626CB2D00D7512F /* RITLPhotosCollectionViewController.swift */; };
		DB7C5B9C2626CDF000D7512F /* RITLPhotosStore.swift in Sources */ = {isa = PBXBuildFile; fileRef = DB7C5B9B2626CDF000D7512F /* RITLPhotosStore.swift */; };
		DB7C5BA32626E77E00D7512F /* RITLPhotosUtilites.swift in Sources */ = {isa = PBXBuildFile; fileRef = DB7C5BA22626E77E00D7512F /* RITLPhotosUtilites.swift */; };
		DB7C5BA72626EB1600D7512F /* RITLPhotos.bundle in Resources */ = {isa = PBXBuildFile; fileRef = DB7C5BA62626EB1600D7512F /* RITLPhotos.bundle */; };
		DB7C5BAA2626EBA100D7512F /* RITLPhotosBundle.swift in Sources */ = {isa = PBXBuildFile; fileRef = DB7C5BA92626EBA100D7512F /* RITLPhotosBundle.swift */; };
		DB7C5C132627D6BA00D7512F /* RITLPhotosBottomBar.swift in Sources */ = {isa = PBXBuildFile; fileRef = DB7C5C122627D6BA00D7512F /* RITLPhotosBottomBar.swift */; };
		DB7C5C162628225900D7512F /* RITLPhotosNavigationItemView.swift in Sources */ = {isa = PBXBuildFile; fileRef = DB7C5C152628225900D7512F /* RITLPhotosNavigationItemView.swift */; };
		DB7C5C222629281200D7512F /* RITLPhotosRowTableView.swift in Sources */ = {isa = PBXBuildFile; fileRef = DB7C5C212629281200D7512F /* RITLPhotosRowTableView.swift */; };
		DB8DB0342645202A0036574A /* RITLPhotos.gif in Resources */ = {isa = PBXBuildFile; fileRef = DB8DB0332645202A0036574A /* RITLPhotos.gif */; };
		DBAF2BB726395738008CCDD5 /* RITLPhotosBrowserUpdater.swift in Sources */ = {isa = PBXBuildFile; fileRef = DBAF2BB626395738008CCDD5 /* RITLPhotosBrowserUpdater.swift */; };
		DBCF86561DED12B40054A410 /* RITLPhotosAppDelegate.swift in Sources */ = {isa = PBXBuildFile; fileRef = DBCF86551DED12B40054A410 /* RITLPhotosAppDelegate.swift */; };
		DBCF865B1DED12B40054A410 /* Main.storyboard in Resources */ = {isa = PBXBuildFile; fileRef = DBCF86591DED12B40054A410 /* Main.storyboard */; };
		DBCF865D1DED12B40054A410 /* Assets.xcassets in Resources */ = {isa = PBXBuildFile; fileRef = DBCF865C1DED12B40054A410 /* Assets.xcassets */; };
		DBCF86601DED12B40054A410 /* LaunchScreen.storyboard in Resources */ = {isa = PBXBuildFile; fileRef = DBCF865E1DED12B40054A410 /* LaunchScreen.storyboard */; };
		DBCF86681DED14DD0054A410 /* RITLPhotoMainViewController.swift in Sources */ = {isa = PBXBuildFile; fileRef = DBCF86671DED14DD0054A410 /* RITLPhotoMainViewController.swift */; };
		DBCF866F1DED16260054A410 /* Photos.framework in Frameworks */ = {isa = PBXBuildFile; fileRef = DBCF866E1DED16260054A410 /* Photos.framework */; };
		DBE1150F2632C8E40092B1D5 /* RITLPhotosDataManager.swift in Sources */ = {isa = PBXBuildFile; fileRef = DBE1150E2632C8E40092B1D5 /* RITLPhotosDataManager.swift */; };
/* End PBXBuildFile section */

/* Begin PBXFileReference section */
		33A0DDD768DBDAB57D5413F2 /* Pods-RITLImagePicker-Swift.release.xcconfig */ = {isa = PBXFileReference; includeInIndex = 1; lastKnownFileType = text.xcconfig; name = "Pods-RITLImagePicker-Swift.release.xcconfig"; path = "Target Support Files/Pods-RITLImagePicker-Swift/Pods-RITLImagePicker-Swift.release.xcconfig"; sourceTree = "<group>"; };
		AAD06A803868C85127784DBA /* Pods-RITLImagePicker-Swift.debug.xcconfig */ = {isa = PBXFileReference; includeInIndex = 1; lastKnownFileType = text.xcconfig; name = "Pods-RITLImagePicker-Swift.debug.xcconfig"; path = "Target Support Files/Pods-RITLImagePicker-Swift/Pods-RITLImagePicker-Swift.debug.xcconfig"; sourceTree = "<group>"; };
		D168CDFAE20DB74D5D962034 /* libPods-RITLImagePicker-Swift.a */ = {isa = PBXFileReference; explicitFileType = archive.ar; includeInIndex = 0; path = "libPods-RITLImagePicker-Swift.a"; sourceTree = BUILT_PRODUCTS_DIR; };
		DB078C29262EC02B00D7E367 /* RITLPhotosCollectionViewCell.swift */ = {isa = PBXFileReference; lastKnownFileType = sourcecode.swift; path = RITLPhotosCollectionViewCell.swift; sourceTree = "<group>"; };
		DB119B302644DA350039322E /* RITLPhotosBrowserPreviewDataSource.swift */ = {isa = PBXFileReference; lastKnownFileType = sourcecode.swift; path = RITLPhotosBrowserPreviewDataSource.swift; sourceTree = "<group>"; };
		DB5250A72629648C006F0A09 /* RITLPhotosRowTableViewCell.swift */ = {isa = PBXFileReference; lastKnownFileType = sourcecode.swift; path = RITLPhotosRowTableViewCell.swift; sourceTree = "<group>"; };
		DB5250AA26297449006F0A09 /* RITLPhotosRowTableViewDataSource.swift */ = {isa = PBXFileReference; lastKnownFileType = sourcecode.swift; path = RITLPhotosRowTableViewDataSource.swift; sourceTree = "<group>"; };
		DB6E3590263667A30006028E /* RITLPhotosMaker.swift */ = {isa = PBXFileReference; lastKnownFileType = sourcecode.swift; path = RITLPhotosMaker.swift; sourceTree = "<group>"; };
		DB6E35932636B8650006028E /* RITLPhotosConfigation.swift */ = {isa = PBXFileReference; lastKnownFileType = sourcecode.swift; path = RITLPhotosConfigation.swift; sourceTree = "<group>"; };
		DB6E361D2637B6E90006028E /* RITLPhotosBrowserViewController.swift */ = {isa = PBXFileReference; lastKnownFileType = sourcecode.swift; path = RITLPhotosBrowserViewController.swift; sourceTree = "<group>"; };
		DB6E36202637FC6E0006028E /* RITLPhotosBrowserAllDataSource.swift */ = {isa = PBXFileReference; lastKnownFileType = sourcecode.swift; path = RITLPhotosBrowserAllDataSource.swift; sourceTree = "<group>"; };
		DB6E3623263802630006028E /* RITLPhotosBrowserCollectionCell.swift */ = {isa = PBXFileReference; lastKnownFileType = sourcecode.swift; path = RITLPhotosBrowserCollectionCell.swift; sourceTree = "<group>"; };
		DB6E36262638081B0006028E /* RITLPhotosCellType.swift */ = {isa = PBXFileReference; lastKnownFileType = sourcecode.swift; path = RITLPhotosCellType.swift; sourceTree = "<group>"; };
		DB7C5B7E2626C70C00D7512F /* RITLPhotosViewController.swift */ = {isa = PBXFileReference; lastKnownFileType = sourcecode.swift; path = RITLPhotosViewController.swift; sourceTree = "<group>"; };
		DB7C5B8B2626CB2D00D7512F /* RITLPhotosCollectionViewController.swift */ = {isa = PBXFileReference; lastKnownFileType = sourcecode.swift; path = RITLPhotosCollectionViewController.swift; sourceTree = "<group>"; };
		DB7C5B9B2626CDF000D7512F /* RITLPhotosStore.swift */ = {isa = PBXFileReference; lastKnownFileType = sourcecode.swift; path = RITLPhotosStore.swift; sourceTree = "<group>"; };
		DB7C5BA22626E77E00D7512F /* RITLPhotosUtilites.swift */ = {isa = PBXFileReference; lastKnownFileType = sourcecode.swift; path = RITLPhotosUtilites.swift; sourceTree = "<group>"; };
		DB7C5BA62626EB1600D7512F /* RITLPhotos.bundle */ = {isa = PBXFileReference; lastKnownFileType = "wrapper.plug-in"; path = RITLPhotos.bundle; sourceTree = "<group>"; };
		DB7C5BA92626EBA100D7512F /* RITLPhotosBundle.swift */ = {isa = PBXFileReference; lastKnownFileType = sourcecode.swift; path = RITLPhotosBundle.swift; sourceTree = "<group>"; };
		DB7C5C122627D6BA00D7512F /* RITLPhotosBottomBar.swift */ = {isa = PBXFileReference; lastKnownFileType = sourcecode.swift; path = RITLPhotosBottomBar.swift; sourceTree = "<group>"; };
		DB7C5C152628225900D7512F /* RITLPhotosNavigationItemView.swift */ = {isa = PBXFileReference; lastKnownFileType = sourcecode.swift; path = RITLPhotosNavigationItemView.swift; sourceTree = "<group>"; };
		DB7C5C212629281200D7512F /* RITLPhotosRowTableView.swift */ = {isa = PBXFileReference; lastKnownFileType = sourcecode.swift; path = RITLPhotosRowTableView.swift; sourceTree = "<group>"; };
		DB8DB0332645202A0036574A /* RITLPhotos.gif */ = {isa = PBXFileReference; lastKnownFileType = image.gif; name = RITLPhotos.gif; path = ../../RITLPhotos.gif; sourceTree = "<group>"; };
		DBAF2BB626395738008CCDD5 /* RITLPhotosBrowserUpdater.swift */ = {isa = PBXFileReference; lastKnownFileType = sourcecode.swift; path = RITLPhotosBrowserUpdater.swift; sourceTree = "<group>"; };
		DBCF86521DED12B40054A410 /* RITLImagePicker-Swift.app */ = {isa = PBXFileReference; explicitFileType = wrapper.application; includeInIndex = 0; path = "RITLImagePicker-Swift.app"; sourceTree = BUILT_PRODUCTS_DIR; };
		DBCF86551DED12B40054A410 /* RITLPhotosAppDelegate.swift */ = {isa = PBXFileReference; lastKnownFileType = sourcecode.swift; path = RITLPhotosAppDelegate.swift; sourceTree = "<group>"; };
		DBCF865A1DED12B40054A410 /* Base */ = {isa = PBXFileReference; lastKnownFileType = file.storyboard; name = Base; path = Base.lproj/Main.storyboard; sourceTree = "<group>"; };
		DBCF865C1DED12B40054A410 /* Assets.xcassets */ = {isa = PBXFileReference; lastKnownFileType = folder.assetcatalog; path = Assets.xcassets; sourceTree = "<group>"; };
		DBCF865F1DED12B40054A410 /* Base */ = {isa = PBXFileReference; lastKnownFileType = file.storyboard; name = Base; path = Base.lproj/LaunchScreen.storyboard; sourceTree = "<group>"; };
		DBCF86611DED12B40054A410 /* Info.plist */ = {isa = PBXFileReference; lastKnownFileType = text.plist.xml; path = Info.plist; sourceTree = "<group>"; };
		DBCF86671DED14DD0054A410 /* RITLPhotoMainViewController.swift */ = {isa = PBXFileReference; fileEncoding = 4; lastKnownFileType = sourcecode.swift; path = RITLPhotoMainViewController.swift; sourceTree = "<group>"; };
		DBCF866E1DED16260054A410 /* Photos.framework */ = {isa = PBXFileReference; lastKnownFileType = wrapper.framework; name = Photos.framework; path = System/Library/Frameworks/Photos.framework; sourceTree = SDKROOT; };
		DBE1150E2632C8E40092B1D5 /* RITLPhotosDataManager.swift */ = {isa = PBXFileReference; lastKnownFileType = sourcecode.swift; path = RITLPhotosDataManager.swift; sourceTree = "<group>"; };
/* End PBXFileReference section */

/* Begin PBXFrameworksBuildPhase section */
		DBCF864F1DED12B40054A410 /* Frameworks */ = {
			isa = PBXFrameworksBuildPhase;
			buildActionMask = 2147483647;
			files = (
				DBCF866F1DED16260054A410 /* Photos.framework in Frameworks */,
				A988843EA5269BE1B9BA761B /* libPods-RITLImagePicker-Swift.a in Frameworks */,
			);
			runOnlyForDeploymentPostprocessing = 0;
		};
/* End PBXFrameworksBuildPhase section */

/* Begin PBXGroup section */
		B17E4829B893449D138CAA05 /* Pods */ = {
			isa = PBXGroup;
			children = (
				AAD06A803868C85127784DBA /* Pods-RITLImagePicker-Swift.debug.xcconfig */,
				33A0DDD768DBDAB57D5413F2 /* Pods-RITLImagePicker-Swift.release.xcconfig */,
			);
			path = Pods;
			sourceTree = "<group>";
		};
		DB7C5B7D2626C6E600D7512F /* RITLPhotos */ = {
			isa = PBXGroup;
			children = (
				DB7C5BA52626EB1600D7512F /* Resource */,
				DB6E36262638081B0006028E /* RITLPhotosCellType.swift */,
				DB7C5B7E2626C70C00D7512F /* RITLPhotosViewController.swift */,
				DB078C29262EC02B00D7E367 /* RITLPhotosCollectionViewCell.swift */,
				DB7C5B8B2626CB2D00D7512F /* RITLPhotosCollectionViewController.swift */,
				DB7C5B9B2626CDF000D7512F /* RITLPhotosStore.swift */,
				DB7C5BA22626E77E00D7512F /* RITLPhotosUtilites.swift */,
				DB7C5BA92626EBA100D7512F /* RITLPhotosBundle.swift */,
				DB7C5C122627D6BA00D7512F /* RITLPhotosBottomBar.swift */,
				DB7C5C152628225900D7512F /* RITLPhotosNavigationItemView.swift */,
				DB7C5C212629281200D7512F /* RITLPhotosRowTableView.swift */,
				DB5250A72629648C006F0A09 /* RITLPhotosRowTableViewCell.swift */,
				DB5250AA26297449006F0A09 /* RITLPhotosRowTableViewDataSource.swift */,
				DBE1150E2632C8E40092B1D5 /* RITLPhotosDataManager.swift */,
				DB6E3590263667A30006028E /* RITLPhotosMaker.swift */,
				DB6E35932636B8650006028E /* RITLPhotosConfigation.swift */,
				DBAF2BB626395738008CCDD5 /* RITLPhotosBrowserUpdater.swift */,
				DB6E3623263802630006028E /* RITLPhotosBrowserCollectionCell.swift */,
				DB6E361D2637B6E90006028E /* RITLPhotosBrowserViewController.swift */,
				DB6E36202637FC6E0006028E /* RITLPhotosBrowserAllDataSource.swift */,
				DB119B302644DA350039322E /* RITLPhotosBrowserPreviewDataSource.swift */,
			);
			path = RITLPhotos;
			sourceTree = "<group>";
		};
		DB7C5BA52626EB1600D7512F /* Resource */ = {
			isa = PBXGroup;
			children = (
				DB7C5BA62626EB1600D7512F /* RITLPhotos.bundle */,
			);
			path = Resource;
			sourceTree = "<group>";
		};
		DBCF86491DED12B40054A410 = {
			isa = PBXGroup;
			children = (
				DB7C5B7D2626C6E600D7512F /* RITLPhotos */,
				DBCF86541DED12B40054A410 /* RITLImagePicker-Swift */,
				DBCF86531DED12B40054A410 /* Products */,
				DBCF866D1DED16260054A410 /* Frameworks */,
				B17E4829B893449D138CAA05 /* Pods */,
			);
			sourceTree = "<group>";
		};
		DBCF86531DED12B40054A410 /* Products */ = {
			isa = PBXGroup;
			children = (
				DBCF86521DED12B40054A410 /* RITLImagePicker-Swift.app */,
			);
			name = Products;
			sourceTree = "<group>";
		};
		DBCF86541DED12B40054A410 /* RITLImagePicker-Swift */ = {
			isa = PBXGroup;
			children = (
				DB8DB0332645202A0036574A /* RITLPhotos.gif */,
				DBCF86551DED12B40054A410 /* RITLPhotosAppDelegate.swift */,
				DBCF86671DED14DD0054A410 /* RITLPhotoMainViewController.swift */,
				DBCF86591DED12B40054A410 /* Main.storyboard */,
				DBCF865C1DED12B40054A410 /* Assets.xcassets */,
				DBCF865E1DED12B40054A410 /* LaunchScreen.storyboard */,
				DBCF86611DED12B40054A410 /* Info.plist */,
			);
			path = "RITLImagePicker-Swift";
			sourceTree = "<group>";
		};
		DBCF866D1DED16260054A410 /* Frameworks */ = {
			isa = PBXGroup;
			children = (
				DBCF866E1DED16260054A410 /* Photos.framework */,
				D168CDFAE20DB74D5D962034 /* libPods-RITLImagePicker-Swift.a */,
			);
			name = Frameworks;
			sourceTree = "<group>";
		};
/* End PBXGroup section */

/* Begin PBXNativeTarget section */
		DBCF86511DED12B40054A410 /* RITLImagePicker-Swift */ = {
			isa = PBXNativeTarget;
			buildConfigurationList = DBCF86641DED12B40054A410 /* Build configuration list for PBXNativeTarget "RITLImagePicker-Swift" */;
			buildPhases = (
				4AA740B04EE9C1D3A8B18AD7 /* [CP] Check Pods Manifest.lock */,
				DBCF864E1DED12B40054A410 /* Sources */,
				DBCF864F1DED12B40054A410 /* Frameworks */,
				DBCF86501DED12B40054A410 /* Resources */,
			);
			buildRules = (
			);
			dependencies = (
			);
			name = "RITLImagePicker-Swift";
			productName = "RITLImagePicker-Swift";
			productReference = DBCF86521DED12B40054A410 /* RITLImagePicker-Swift.app */;
			productType = "com.apple.product-type.application";
		};
/* End PBXNativeTarget section */

/* Begin PBXProject section */
		DBCF864A1DED12B40054A410 /* Project object */ = {
			isa = PBXProject;
			attributes = {
				CLASSPREFIX = RITL;
				LastSwiftUpdateCheck = 0810;
				LastUpgradeCheck = 1240;
				ORGANIZATIONNAME = YueWen;
				TargetAttributes = {
					DBCF86511DED12B40054A410 = {
						CreatedOnToolsVersion = 8.1;
						DevelopmentTeam = 6Q3UXGAXR8;
						ProvisioningStyle = Automatic;
					};
				};
			};
			buildConfigurationList = DBCF864D1DED12B40054A410 /* Build configuration list for PBXProject "RITLImagePicker-Swift" */;
			compatibilityVersion = "Xcode 3.2";
			developmentRegion = en;
			hasScannedForEncodings = 0;
			knownRegions = (
				en,
				Base,
			);
			mainGroup = DBCF86491DED12B40054A410;
			productRefGroup = DBCF86531DED12B40054A410 /* Products */;
			projectDirPath = "";
			projectRoot = "";
			targets = (
				DBCF86511DED12B40054A410 /* RITLImagePicker-Swift */,
			);
		};
/* End PBXProject section */

/* Begin PBXResourcesBuildPhase section */
		DBCF86501DED12B40054A410 /* Resources */ = {
			isa = PBXResourcesBuildPhase;
			buildActionMask = 2147483647;
			files = (
				DB8DB0342645202A0036574A /* RITLPhotos.gif in Resources */,
				DBCF86601DED12B40054A410 /* LaunchScreen.storyboard in Resources */,
				DB7C5BA72626EB1600D7512F /* RITLPhotos.bundle in Resources */,
				DBCF865D1DED12B40054A410 /* Assets.xcassets in Resources */,
				DBCF865B1DED12B40054A410 /* Main.storyboard in Resources */,
			);
			runOnlyForDeploymentPostprocessing = 0;
		};
/* End PBXResourcesBuildPhase section */

/* Begin PBXShellScriptBuildPhase section */
		4AA740B04EE9C1D3A8B18AD7 /* [CP] Check Pods Manifest.lock */ = {
			isa = PBXShellScriptBuildPhase;
			buildActionMask = 2147483647;
			files = (
			);
			inputFileListPaths = (
			);
			inputPaths = (
				"${PODS_PODFILE_DIR_PATH}/Podfile.lock",
				"${PODS_ROOT}/Manifest.lock",
			);
			name = "[CP] Check Pods Manifest.lock";
			outputFileListPaths = (
			);
			outputPaths = (
				"$(DERIVED_FILE_DIR)/Pods-RITLImagePicker-Swift-checkManifestLockResult.txt",
			);
			runOnlyForDeploymentPostprocessing = 0;
			shellPath = /bin/sh;
			shellScript = "diff \"${PODS_PODFILE_DIR_PATH}/Podfile.lock\" \"${PODS_ROOT}/Manifest.lock\" > /dev/null\nif [ $? != 0 ] ; then\n    # print error to STDERR\n    echo \"error: The sandbox is not in sync with the Podfile.lock. Run 'pod install' or update your CocoaPods installation.\" >&2\n    exit 1\nfi\n# This output is used by Xcode 'outputs' to avoid re-running this script phase.\necho \"SUCCESS\" > \"${SCRIPT_OUTPUT_FILE_0}\"\n";
			showEnvVarsInLog = 0;
		};
/* End PBXShellScriptBuildPhase section */

/* Begin PBXSourcesBuildPhase section */
		DBCF864E1DED12B40054A410 /* Sources */ = {
			isa = PBXSourcesBuildPhase;
			buildActionMask = 2147483647;
			files = (
				DB6E3591263667A30006028E /* RITLPhotosMaker.swift in Sources */,
				DBAF2BB726395738008CCDD5 /* RITLPhotosBrowserUpdater.swift in Sources */,
				DB6E361E2637B6E90006028E /* RITLPhotosBrowserViewController.swift in Sources */,
				DB7C5B7F2626C70C00D7512F /* RITLPhotosViewController.swift in Sources */,
				DB7C5BAA2626EBA100D7512F /* RITLPhotosBundle.swift in Sources */,
				DB5250AB26297449006F0A09 /* RITLPhotosRowTableViewDataSource.swift in Sources */,
				DB6E36272638081B0006028E /* RITLPhotosCellType.swift in Sources */,
				DBE1150F2632C8E40092B1D5 /* RITLPhotosDataManager.swift in Sources */,
				DB7C5B9C2626CDF000D7512F /* RITLPhotosStore.swift in Sources */,
				DB7C5C222629281200D7512F /* RITLPhotosRowTableView.swift in Sources */,
				DB7C5BA32626E77E00D7512F /* RITLPhotosUtilites.swift in Sources */,
				DBCF86681DED14DD0054A410 /* RITLPhotoMainViewController.swift in Sources */,
				DB7C5B8C2626CB2D00D7512F /* RITLPhotosCollectionViewController.swift in Sources */,
				DB5250A82629648C006F0A09 /* RITLPhotosRowTableViewCell.swift in Sources */,
				DB7C5C162628225900D7512F /* RITLPhotosNavigationItemView.swift in Sources */,
				DB078C2A262EC02B00D7E367 /* RITLPhotosCollectionViewCell.swift in Sources */,
				DB7C5C132627D6BA00D7512F /* RITLPhotosBottomBar.swift in Sources */,
				DB6E3624263802630006028E /* RITLPhotosBrowserCollectionCell.swift in Sources */,
				DBCF86561DED12B40054A410 /* RITLPhotosAppDelegate.swift in Sources */,
				DB6E35942636B8650006028E /* RITLPhotosConfigation.swift in Sources */,
				DB119B312644DA350039322E /* RITLPhotosBrowserPreviewDataSource.swift in Sources */,
				DB6E36212637FC6E0006028E /* RITLPhotosBrowserAllDataSource.swift in Sources */,
			);
			runOnlyForDeploymentPostprocessing = 0;
		};
/* End PBXSourcesBuildPhase section */

/* Begin PBXVariantGroup section */
		DBCF86591DED12B40054A410 /* Main.storyboard */ = {
			isa = PBXVariantGroup;
			children = (
				DBCF865A1DED12B40054A410 /* Base */,
			);
			name = Main.storyboard;
			sourceTree = "<group>";
		};
		DBCF865E1DED12B40054A410 /* LaunchScreen.storyboard */ = {
			isa = PBXVariantGroup;
			children = (
				DBCF865F1DED12B40054A410 /* Base */,
			);
			name = LaunchScreen.storyboard;
			sourceTree = "<group>";
		};
/* End PBXVariantGroup section */

/* Begin XCBuildConfiguration section */
		DBCF86621DED12B40054A410 /* Debug */ = {
			isa = XCBuildConfiguration;
			buildSettings = {
				ALWAYS_SEARCH_USER_PATHS = NO;
				CLANG_ANALYZER_LOCALIZABILITY_NONLOCALIZED = YES;
				CLANG_ANALYZER_NONNULL = YES;
				CLANG_CXX_LANGUAGE_STANDARD = "gnu++0x";
				CLANG_CXX_LIBRARY = "libc++";
				CLANG_ENABLE_MODULES = YES;
				CLANG_ENABLE_OBJC_ARC = YES;
				CLANG_WARN_BLOCK_CAPTURE_AUTORELEASING = YES;
				CLANG_WARN_BOOL_CONVERSION = YES;
				CLANG_WARN_COMMA = YES;
				CLANG_WARN_CONSTANT_CONVERSION = YES;
				CLANG_WARN_DEPRECATED_OBJC_IMPLEMENTATIONS = YES;
				CLANG_WARN_DIRECT_OBJC_ISA_USAGE = YES_ERROR;
				CLANG_WARN_DOCUMENTATION_COMMENTS = YES;
				CLANG_WARN_EMPTY_BODY = YES;
				CLANG_WARN_ENUM_CONVERSION = YES;
				CLANG_WARN_INFINITE_RECURSION = YES;
				CLANG_WARN_INT_CONVERSION = YES;
				CLANG_WARN_NON_LITERAL_NULL_CONVERSION = YES;
				CLANG_WARN_OBJC_IMPLICIT_RETAIN_SELF = YES;
				CLANG_WARN_OBJC_LITERAL_CONVERSION = YES;
				CLANG_WARN_OBJC_ROOT_CLASS = YES_ERROR;
				CLANG_WARN_QUOTED_INCLUDE_IN_FRAMEWORK_HEADER = YES;
				CLANG_WARN_RANGE_LOOP_ANALYSIS = YES;
				CLANG_WARN_STRICT_PROTOTYPES = YES;
				CLANG_WARN_SUSPICIOUS_MOVE = YES;
				CLANG_WARN_SUSPICIOUS_MOVES = YES;
				CLANG_WARN_UNREACHABLE_CODE = YES;
				CLANG_WARN__DUPLICATE_METHOD_MATCH = YES;
				"CODE_SIGN_IDENTITY[sdk=iphoneos*]" = "iPhone Developer";
				COPY_PHASE_STRIP = NO;
				DEBUG_INFORMATION_FORMAT = dwarf;
				ENABLE_STRICT_OBJC_MSGSEND = YES;
				ENABLE_TESTABILITY = YES;
				GCC_C_LANGUAGE_STANDARD = gnu99;
				GCC_DYNAMIC_NO_PIC = NO;
				GCC_NO_COMMON_BLOCKS = YES;
				GCC_OPTIMIZATION_LEVEL = 0;
				GCC_PREPROCESSOR_DEFINITIONS = (
					"DEBUG=1",
					"$(inherited)",
				);
				GCC_WARN_64_TO_32_BIT_CONVERSION = YES;
				GCC_WARN_ABOUT_RETURN_TYPE = YES_ERROR;
				GCC_WARN_UNDECLARED_SELECTOR = YES;
				GCC_WARN_UNINITIALIZED_AUTOS = YES_AGGRESSIVE;
				GCC_WARN_UNUSED_FUNCTION = YES;
				GCC_WARN_UNUSED_VARIABLE = YES;
				IPHONEOS_DEPLOYMENT_TARGET = 14.4;
				MTL_ENABLE_DEBUG_INFO = YES;
				ONLY_ACTIVE_ARCH = YES;
				SDKROOT = iphoneos;
				SWIFT_ACTIVE_COMPILATION_CONDITIONS = DEBUG;
				SWIFT_OPTIMIZATION_LEVEL = "-Onone";
			};
			name = Debug;
		};
		DBCF86631DED12B40054A410 /* Release */ = {
			isa = XCBuildConfiguration;
			buildSettings = {
				ALWAYS_SEARCH_USER_PATHS = NO;
				CLANG_ANALYZER_LOCALIZABILITY_NONLOCALIZED = YES;
				CLANG_ANALYZER_NONNULL = YES;
				CLANG_CXX_LANGUAGE_STANDARD = "gnu++0x";
				CLANG_CXX_LIBRARY = "libc++";
				CLANG_ENABLE_MODULES = YES;
				CLANG_ENABLE_OBJC_ARC = YES;
				CLANG_WARN_BLOCK_CAPTURE_AUTORELEASING = YES;
				CLANG_WARN_BOOL_CONVERSION = YES;
				CLANG_WARN_COMMA = YES;
				CLANG_WARN_CONSTANT_CONVERSION = YES;
				CLANG_WARN_DEPRECATED_OBJC_IMPLEMENTATIONS = YES;
				CLANG_WARN_DIRECT_OBJC_ISA_USAGE = YES_ERROR;
				CLANG_WARN_DOCUMENTATION_COMMENTS = YES;
				CLANG_WARN_EMPTY_BODY = YES;
				CLANG_WARN_ENUM_CONVERSION = YES;
				CLANG_WARN_INFINITE_RECURSION = YES;
				CLANG_WARN_INT_CONVERSION = YES;
				CLANG_WARN_NON_LITERAL_NULL_CONVERSION = YES;
				CLANG_WARN_OBJC_IMPLICIT_RETAIN_SELF = YES;
				CLANG_WARN_OBJC_LITERAL_CONVERSION = YES;
				CLANG_WARN_OBJC_ROOT_CLASS = YES_ERROR;
				CLANG_WARN_QUOTED_INCLUDE_IN_FRAMEWORK_HEADER = YES;
				CLANG_WARN_RANGE_LOOP_ANALYSIS = YES;
				CLANG_WARN_STRICT_PROTOTYPES = YES;
				CLANG_WARN_SUSPICIOUS_MOVE = YES;
				CLANG_WARN_SUSPICIOUS_MOVES = YES;
				CLANG_WARN_UNREACHABLE_CODE = YES;
				CLANG_WARN__DUPLICATE_METHOD_MATCH = YES;
				"CODE_SIGN_IDENTITY[sdk=iphoneos*]" = "iPhone Developer";
				COPY_PHASE_STRIP = NO;
				DEBUG_INFORMATION_FORMAT = "dwarf-with-dsym";
				ENABLE_NS_ASSERTIONS = NO;
				ENABLE_STRICT_OBJC_MSGSEND = YES;
				GCC_C_LANGUAGE_STANDARD = gnu99;
				GCC_NO_COMMON_BLOCKS = YES;
				GCC_WARN_64_TO_32_BIT_CONVERSION = YES;
				GCC_WARN_ABOUT_RETURN_TYPE = YES_ERROR;
				GCC_WARN_UNDECLARED_SELECTOR = YES;
				GCC_WARN_UNINITIALIZED_AUTOS = YES_AGGRESSIVE;
				GCC_WARN_UNUSED_FUNCTION = YES;
				GCC_WARN_UNUSED_VARIABLE = YES;
				IPHONEOS_DEPLOYMENT_TARGET = 14.4;
				MTL_ENABLE_DEBUG_INFO = NO;
				SDKROOT = iphoneos;
				SWIFT_OPTIMIZATION_LEVEL = "-Owholemodule";
				VALIDATE_PRODUCT = YES;
			};
			name = Release;
		};
		DBCF86651DED12B40054A410 /* Debug */ = {
			isa = XCBuildConfiguration;
			baseConfigurationReference = AAD06A803868C85127784DBA /* Pods-RITLImagePicker-Swift.debug.xcconfig */;
			buildSettings = {
				ASSETCATALOG_COMPILER_APPICON_NAME = AppIcon;
				DEBUG_INFORMATION_FORMAT = "dwarf-with-dsym";
				DEVELOPMENT_TEAM = 6Q3UXGAXR8;
				FRAMEWORK_SEARCH_PATHS = (
					"$(inherited)",
					"$(PROJECT_DIR)",
				);
				INFOPLIST_FILE = "RITLImagePicker-Swift/Info.plist";
				IPHONEOS_DEPLOYMENT_TARGET = 9.0;
				LD_RUNPATH_SEARCH_PATHS = "$(inherited) @executable_path/Frameworks";
				PRODUCT_BUNDLE_IDENTIFIER = com.yue.RITLImagePickerSwift;
				PRODUCT_NAME = "$(TARGET_NAME)";
				SWIFT_VERSION = 5.0;
			};
			name = Debug;
		};
		DBCF86661DED12B40054A410 /* Release */ = {
			isa = XCBuildConfiguration;
			baseConfigurationReference = 33A0DDD768DBDAB57D5413F2 /* Pods-RITLImagePicker-Swift.release.xcconfig */;
			buildSettings = {
				ASSETCATALOG_COMPILER_APPICON_NAME = AppIcon;
				DEBUG_INFORMATION_FORMAT = "dwarf-with-dsym";
				DEVELOPMENT_TEAM = 6Q3UXGAXR8;
				FRAMEWORK_SEARCH_PATHS = (
					"$(inherited)",
					"$(PROJECT_DIR)",
				);
				INFOPLIST_FILE = "RITLImagePicker-Swift/Info.plist";
				IPHONEOS_DEPLOYMENT_TARGET = 9.0;
				LD_RUNPATH_SEARCH_PATHS = "$(inherited) @executable_path/Frameworks";
				PRODUCT_BUNDLE_IDENTIFIER = com.yue.RITLImagePickerSwift;
				PRODUCT_NAME = "$(TARGET_NAME)";
				SWIFT_VERSION = 5.0;
			};
			name = Release;
		};
/* End XCBuildConfiguration section */

/* Begin XCConfigurationList section */
		DBCF864D1DED12B40054A410 /* Build configuration list for PBXProject "RITLImagePicker-Swift" */ = {
			isa = XCConfigurationList;
			buildConfigurations = (
				DBCF86621DED12B40054A410 /* Debug */,
				DBCF86631DED12B40054A410 /* Release */,
			);
			defaultConfigurationIsVisible = 0;
			defaultConfigurationName = Release;
		};
		DBCF86641DED12B40054A410 /* Build configuration list for PBXNativeTarget "RITLImagePicker-Swift" */ = {
			isa = XCConfigurationList;
			buildConfigurations = (
				DBCF86651DED12B40054A410 /* Debug */,
				DBCF86661DED12B40054A410 /* Release */,
			);
			defaultConfigurationIsVisible = 0;
			defaultConfigurationName = Release;
		};
/* End XCConfigurationList section */
	};
	rootObject = DBCF864A1DED12B40054A410 /* Project object */;
}
